
Microsoft Visual Studio Solution File, Format Version 12.00
# Visual Studio Version 16
VisualStudioVersion = 16.0.30413.136
MinimumVisualStudioVersion = 10.0.40219.1
Project("{FAE04EC0-301F-11D3-BF4B-00C04F79EFBC}") = "ShopOnlineCore", "ShopOnlineCore\ShopOnlineCore.csproj", "{BBCF4A59-6172-49AA-8A18-88903EB0E761}"
EndProject
Project("{FAE04EC0-301F-11D3-BF4B-00C04F79EFBC}") = "ShopOnlineCore.Infrastructure", "ShopOnlineCore.Infrastructure\ShopOnlineCore.Infrastructure.csproj", "{CB570DD9-D56E-42F0-B689-088D263B771B}"
EndProject
Project("{FAE04EC0-301F-11D3-BF4B-00C04F79EFBC}") = "ShopOnlineCore.Utilites", "ShopOnlineCore.Utilites\ShopOnlineCore.Utilites.csproj", "{50D43DB1-515A-4542-AE75-C0B69712FE1F}"
EndProject
Project("{FAE04EC0-301F-11D3-BF4B-00C04F79EFBC}") = "ShopOnlineCore.Data", "ShopOnlineCore.Data\ShopOnlineCore.Data.csproj", "{535E8C25-72AE-4CD5-A81A-24CA8DF1B3DC}"
EndProject
Project("{FAE04EC0-301F-11D3-BF4B-00C04F79EFBC}") = "ShopOnlineCore.Data.EF", "ShopOnlineCore.Data.EF\ShopOnlineCore.Data.EF.csproj", "{E2E934C1-9A23-403F-91B0-A67F14E9D5D5}"
EndProject
Project("{FAE04EC0-301F-11D3-BF4B-00C04F79EFBC}") = "ShopOnlineCore.Application", "ShopOnlineCore.Application\ShopOnlineCore.Application.csproj", "{494E1118-90B3-4FA5-8F6F-50D855A3A339}"
EndProject
Project("{2150E333-8FDC-42A3-9474-1A3956D46DE8}") = "3 - Domain", "3 - Domain", "{78802483-64CE-4353-8AFF-71061EB3EE80}"
EndProject
Project("{2150E333-8FDC-42A3-9474-1A3956D46DE8}") = "1 - Presentation", "1 - Presentation", "{21275DFB-53E6-4402-8600-006A6A75CD9D}"
EndProject
Project("{2150E333-8FDC-42A3-9474-1A3956D46DE8}") = "2 - Application", "2 - Application", "{215D3F2A-9C1B-45D7-A5D2-E0A1C59B68A2}"
EndProject
Project("{2150E333-8FDC-42A3-9474-1A3956D46DE8}") = "4 - Infrastructure", "4 - Infrastructure", "{21E05EA6-8C62-4FE5-961E-B61002E3A197}"
EndProject
Global
	GlobalSection(SolutionConfigurationPlatforms) = preSolution
		Debug|Any CPU = Debug|Any CPU
		Release|Any CPU = Release|Any CPU
	EndGlobalSection
	GlobalSection(ProjectConfigurationPlatforms) = postSolution
		{BBCF4A59-6172-49AA-8A18-88903EB0E761}.Debug|Any CPU.ActiveCfg = Debug|Any CPU
		{BBCF4A59-6172-49AA-8A18-88903EB0E761}.Debug|Any CPU.Build.0 = Debug|Any CPU
		{BBCF4A59-6172-49AA-8A18-88903EB0E761}.Release|Any CPU.ActiveCfg = Release|Any CPU
		{BBCF4A59-6172-49AA-8A18-88903EB0E761}.Release|Any CPU.Build.0 = Release|Any CPU
		{CB570DD9-D56E-42F0-B689-088D263B771B}.Debug|Any CPU.ActiveCfg = Debug|Any CPU
		{CB570DD9-D56E-42F0-B689-088D263B771B}.Debug|Any CPU.Build.0 = Debug|Any CPU
		{CB570DD9-D56E-42F0-B689-088D263B771B}.Release|Any CPU.ActiveCfg = Release|Any CPU
		{CB570DD9-D56E-42F0-B689-088D263B771B}.Release|Any CPU.Build.0 = Release|Any CPU
		{50D43DB1-515A-4542-AE75-C0B69712FE1F}.Debug|Any CPU.ActiveCfg = Debug|Any CPU
		{50D43DB1-515A-4542-AE75-C0B69712FE1F}.Debug|Any CPU.Build.0 = Debug|Any CPU
		{50D43DB1-515A-4542-AE75-C0B69712FE1F}.Release|Any CPU.ActiveCfg = Release|Any CPU
		{50D43DB1-515A-4542-AE75-C0B69712FE1F}.Release|Any CPU.Build.0 = Release|Any CPU
		{535E8C25-72AE-4CD5-A81A-24CA8DF1B3DC}.Debug|Any CPU.ActiveCfg = Debug|Any CPU
		{535E8C25-72AE-4CD5-A81A-24CA8DF1B3DC}.Debug|Any CPU.Build.0 = Debug|Any CPU
		{535E8C25-72AE-4CD5-A81A-24CA8DF1B3DC}.Release|Any CPU.ActiveCfg = Release|Any CPU
		{535E8C25-72AE-4CD5-A81A-24CA8DF1B3DC}.Release|Any CPU.Build.0 = Release|Any CPU
		{E2E934C1-9A23-403F-91B0-A67F14E9D5D5}.Debug|Any CPU.ActiveCfg = Debug|Any CPU
		{E2E934C1-9A23-403F-91B0-A67F14E9D5D5}.Debug|Any CPU.Build.0 = Debug|Any CPU
		{E2E934C1-9A23-403F-91B0-A67F14E9D5D5}.Release|Any CPU.ActiveCfg = Release|Any CPU
		{E2E934C1-9A23-403F-91B0-A67F14E9D5D5}.Release|Any CPU.Build.0 = Release|Any CPU
		{494E1118-90B3-4FA5-8F6F-50D855A3A339}.Debug|Any CPU.ActiveCfg = Debug|Any CPU
		{494E1118-90B3-4FA5-8F6F-50D855A3A339}.Debug|Any CPU.Build.0 = Debug|Any CPU
		{494E1118-90B3-4FA5-8F6F-50D855A3A339}.Release|Any CPU.ActiveCfg = Release|Any CPU
		{494E1118-90B3-4FA5-8F6F-50D855A3A339}.Release|Any CPU.Build.0 = Release|Any CPU
	EndGlobalSection
	GlobalSection(SolutionProperties) = preSolution
		HideSolutionNode = FALSE
	EndGlobalSection
	GlobalSection(NestedProjects) = preSolution
		{BBCF4A59-6172-49AA-8A18-88903EB0E761} = {21275DFB-53E6-4402-8600-006A6A75CD9D}
		{CB570DD9-D56E-42F0-B689-088D263B771B} = {21E05EA6-8C62-4FE5-961E-B61002E3A197}
		{50D43DB1-515A-4542-AE75-C0B69712FE1F} = {21E05EA6-8C62-4FE5-961E-B61002E3A197}
		{535E8C25-72AE-4CD5-A81A-24CA8DF1B3DC} = {78802483-64CE-4353-8AFF-71061EB3EE80}
		{E2E934C1-9A23-403F-91B0-A67F14E9D5D5} = {78802483-64CE-4353-8AFF-71061EB3EE80}
		{494E1118-90B3-4FA5-8F6F-50D855A3A339} = {215D3F2A-9C1B-45D7-A5D2-E0A1C59B68A2}
	EndGlobalSection
	GlobalSection(ExtensibilityGlobals) = postSolution
		SolutionGuid = {18904F9D-F368-44BF-B1FE-6304F060F4D8}
	EndGlobalSection
EndGlobal
